
Microsoft Visual Studio Solution File, Format Version 11.00
# Visual Studio 2010
Project("{FAE04EC0-301F-11D3-BF4B-00C04F79EFBC}") = "WPRssReader", "WPRssReader\WPRssReader.csproj", "{438E7B0B-2D85-451C-BBB4-1BFCB454D43B}"
EndProject
Global
	GlobalSection(SolutionConfigurationPlatforms) = preSolution
		Debug|Any CPU = Debug|Any CPU
		Release|Any CPU = Release|Any CPU
	EndGlobalSection
	GlobalSection(ProjectConfigurationPlatforms) = postSolution
		{438E7B0B-2D85-451C-BBB4-1BFCB454D43B}.Debug|Any CPU.ActiveCfg = Debug|Any CPU
		{438E7B0B-2D85-451C-BBB4-1BFCB454D43B}.Debug|Any CPU.Build.0 = Debug|Any CPU
		{438E7B0B-2D85-451C-BBB4-1BFCB454D43B}.Debug|Any CPU.Deploy.0 = Debug|Any CPU
		{438E7B0B-2D85-451C-BBB4-1BFCB454D43B}.Release|Any CPU.ActiveCfg = Release|Any CPU
		{438E7B0B-2D85-451C-BBB4-1BFCB454D43B}.Release|Any CPU.Build.0 = Release|Any CPU
		{438E7B0B-2D85-451C-BBB4-1BFCB454D43B}.Release|Any CPU.Deploy.0 = Release|Any CPU
	EndGlobalSection
	GlobalSection(SolutionProperties) = preSolution
		HideSolutionNode = FALSE
	EndGlobalSection
EndGlobal
